[root]
name = "rustfilt"
version = "0.1.2-pre"
dependencies = [
 "rustc-demangle 0.1.2 (registry+https://github.com/rust-lang/crates.io-index)",
]

[[package]]
name = "rustc-demangle"
version = "0.1.2"
source = "registry+https://github.com/rust-lang/crates.io-index"

[metadata]
"checksum rustc-demangle 0.1.2 (registry+https://github.com/rust-lang/crates.io-index)" = "662b2795f21ff17df7c4c50c1d955c8b5fa9eaddd1cf1bb32f8de2372ffd989b"
